github.com/koriebruh/say-hello-module v1.0.0 h1:6xZeCEBH8lYKyqD7WElItrI6NFw06tI6D6eS22VbajA=
github.com/koriebruh/say-hello-module v1.0.0/go.mod h1:szC4J7WwEtoFgVnEBnf3dl5RlIKoQL8+bmCl1d2kGCE=
github.com/koriebruh/say-hello-module v1.5.1 h1:MYX9YUqVsf2S0NfiHSRYpRV9cjLgJrPUtIBd2ynF7gY=
github.com/koriebruh/say-hello-module v1.5.1/go.mod h1:szC4J7WwEtoFgVnEBnf3dl5RlIKoQL8+bmCl1d2kGCE=
github.com/koriebruh/say-hello-module/v2 v2.0.0 h1:BoHBNccTb3mgVbPbzLiA2TkKlcm6ndJ2xYIjUFX9bcU=
github.com/koriebruh/say-hello-module/v2 v2.0.0/go.mod h1:8vw5aLGUDE7ELLrCfcep7XzwHif6UO3sWrKFCmj2p2U=
